
Microsoft Visual Studio Solution File, Format Version 12.00
# Visual Studio Version 17
VisualStudioVersion = 17.2.32505.173
MinimumVisualStudioVersion = 10.0.40219.1
Project("{2150E333-8FDC-42A3-9474-1A3956D46DE8}") = "Solution Items", "Solution Items", "{49C74F4D-1B8E-41C6-A973-7123185EB696}"
	ProjectSection(SolutionItems) = preProject
		README.md = README.md
	EndProjectSection
EndProject
Project("{9A19103F-16F7-4668-BE54-9A1E7A4F7556}") = "Assembler", "Assembler\Assembler.csproj", "{789D3C4E-D0A7-48F7-8C42-28DF7492705E}"
EndProject
Project("{9A19103F-16F7-4668-BE54-9A1E7A4F7556}") = "N80", "N80\N80.csproj", "{9D69D520-8F65-4386-BACF-0E5D57B3B265}"
EndProject
Project("{9A19103F-16F7-4668-BE54-9A1E7A4F7556}") = "AssemblerTests", "AssemblerTests\AssemblerTests.csproj", "{32B2214E-14F9-4F29-9B57-AC6C8A0E6425}"
EndProject
Project("{2150E333-8FDC-42A3-9474-1A3956D46DE8}") = "docs", "docs", "{F7F80F37-5C57-406B-8CDA-A01FF02BBB82}"
	ProjectSection(SolutionItems) = preProject
		docs\LanguageReference.md = docs\LanguageReference.md
		docs\MACRO-80.txt = docs\MACRO-80.txt
		docs\RelocatableFileFormat.md = docs\RelocatableFileFormat.md
	EndProjectSection
EndProject
Project("{2150E333-8FDC-42A3-9474-1A3956D46DE8}") = "img", "img", "{5162D8DA-4719-43F1-9FF9-5BA9B7323011}"
	ProjectSection(SolutionItems) = preProject
		docs\img\ConsoleErrors.png = docs\img\ConsoleErrors.png
		docs\img\Hello.png = docs\img\Hello.png
		docs\img\HelloRunning.png = docs\img\HelloRunning.png
	EndProjectSection
EndProject
Project("{FAE04EC0-301F-11D3-BF4B-00C04F79EFBC}") = "Linker", "Linker\Linker.csproj", "{26EF3CD0-7789-44FA-ABA9-1A92361E28D5}"
EndProject
Project("{FAE04EC0-301F-11D3-BF4B-00C04F79EFBC}") = "LK80", "LK80\LK80.csproj", "{0B4848A6-CACE-473C-B5EA-8127DC4A8621}"
EndProject
Global
	GlobalSection(SolutionConfigurationPlatforms) = preSolution
		Debug|Any CPU = Debug|Any CPU
		Release|Any CPU = Release|Any CPU
	EndGlobalSection
	GlobalSection(ProjectConfigurationPlatforms) = postSolution
		{789D3C4E-D0A7-48F7-8C42-28DF7492705E}.Debug|Any CPU.ActiveCfg = Debug|Any CPU
		{789D3C4E-D0A7-48F7-8C42-28DF7492705E}.Debug|Any CPU.Build.0 = Debug|Any CPU
		{789D3C4E-D0A7-48F7-8C42-28DF7492705E}.Release|Any CPU.ActiveCfg = Release|Any CPU
		{789D3C4E-D0A7-48F7-8C42-28DF7492705E}.Release|Any CPU.Build.0 = Release|Any CPU
		{9D69D520-8F65-4386-BACF-0E5D57B3B265}.Debug|Any CPU.ActiveCfg = Debug|Any CPU
		{9D69D520-8F65-4386-BACF-0E5D57B3B265}.Debug|Any CPU.Build.0 = Debug|Any CPU
		{9D69D520-8F65-4386-BACF-0E5D57B3B265}.Release|Any CPU.ActiveCfg = Release|Any CPU
		{9D69D520-8F65-4386-BACF-0E5D57B3B265}.Release|Any CPU.Build.0 = Release|Any CPU
		{32B2214E-14F9-4F29-9B57-AC6C8A0E6425}.Debug|Any CPU.ActiveCfg = Debug|Any CPU
		{32B2214E-14F9-4F29-9B57-AC6C8A0E6425}.Debug|Any CPU.Build.0 = Debug|Any CPU
		{32B2214E-14F9-4F29-9B57-AC6C8A0E6425}.Release|Any CPU.ActiveCfg = Release|Any CPU
		{32B2214E-14F9-4F29-9B57-AC6C8A0E6425}.Release|Any CPU.Build.0 = Release|Any CPU
		{26EF3CD0-7789-44FA-ABA9-1A92361E28D5}.Debug|Any CPU.ActiveCfg = Debug|Any CPU
		{26EF3CD0-7789-44FA-ABA9-1A92361E28D5}.Debug|Any CPU.Build.0 = Debug|Any CPU
		{26EF3CD0-7789-44FA-ABA9-1A92361E28D5}.Release|Any CPU.ActiveCfg = Release|Any CPU
		{26EF3CD0-7789-44FA-ABA9-1A92361E28D5}.Release|Any CPU.Build.0 = Release|Any CPU
		{0B4848A6-CACE-473C-B5EA-8127DC4A8621}.Debug|Any CPU.ActiveCfg = Debug|Any CPU
		{0B4848A6-CACE-473C-B5EA-8127DC4A8621}.Debug|Any CPU.Build.0 = Debug|Any CPU
		{0B4848A6-CACE-473C-B5EA-8127DC4A8621}.Release|Any CPU.ActiveCfg = Release|Any CPU
		{0B4848A6-CACE-473C-B5EA-8127DC4A8621}.Release|Any CPU.Build.0 = Release|Any CPU
	EndGlobalSection
	GlobalSection(SolutionProperties) = preSolution
		HideSolutionNode = FALSE
	EndGlobalSection
	GlobalSection(NestedProjects) = preSolution
		{F7F80F37-5C57-406B-8CDA-A01FF02BBB82} = {49C74F4D-1B8E-41C6-A973-7123185EB696}
		{5162D8DA-4719-43F1-9FF9-5BA9B7323011} = {F7F80F37-5C57-406B-8CDA-A01FF02BBB82}
	EndGlobalSection
	GlobalSection(ExtensibilityGlobals) = postSolution
		SolutionGuid = {18E51C46-40EE-470B-BC2F-C85520DF61B7}
	EndGlobalSection
EndGlobal
